
Microsoft Visual Studio Solution File, Format Version 12.00
# Visual Studio Version 16
VisualStudioVersion = 16.0.29519.87
MinimumVisualStudioVersion = 10.0.40219.1
Project("{FAE04EC0-301F-11D3-BF4B-00C04F79EFBC}") = "whateverthefuck", "whateverthefuck\whateverthefuck.csproj", "{EA85C47C-2628-41A2-8C52-8B0A4451AA08}"
EndProject
Project("{FAE04EC0-301F-11D3-BF4B-00C04F79EFBC}") = "whateverthefuckserver", "whateverthefuckserver\whateverthefuckserver.csproj", "{53D992DE-66CB-40B8-8044-44A71A5C17F1}"
EndProject
Global
	GlobalSection(SolutionConfigurationPlatforms) = preSolution
		Debug|Any CPU = Debug|Any CPU
		Release|Any CPU = Release|Any CPU
	EndGlobalSection
	GlobalSection(ProjectConfigurationPlatforms) = postSolution
		{EA85C47C-2628-41A2-8C52-8B0A4451AA08}.Debug|Any CPU.ActiveCfg = Debug|Any CPU
		{EA85C47C-2628-41A2-8C52-8B0A4451AA08}.Debug|Any CPU.Build.0 = Debug|Any CPU
		{EA85C47C-2628-41A2-8C52-8B0A4451AA08}.Release|Any CPU.ActiveCfg = Release|Any CPU
		{EA85C47C-2628-41A2-8C52-8B0A4451AA08}.Release|Any CPU.Build.0 = Release|Any CPU
		{53D992DE-66CB-40B8-8044-44A71A5C17F1}.Debug|Any CPU.ActiveCfg = Debug|Any CPU
		{53D992DE-66CB-40B8-8044-44A71A5C17F1}.Debug|Any CPU.Build.0 = Debug|Any CPU
		{53D992DE-66CB-40B8-8044-44A71A5C17F1}.Release|Any CPU.ActiveCfg = Release|Any CPU
		{53D992DE-66CB-40B8-8044-44A71A5C17F1}.Release|Any CPU.Build.0 = Release|Any CPU
	EndGlobalSection
	GlobalSection(SolutionProperties) = preSolution
		HideSolutionNode = FALSE
	EndGlobalSection
	GlobalSection(ExtensibilityGlobals) = postSolution
		SolutionGuid = {7A230385-A234-4BCF-81AD-165D63D8DACD}
	EndGlobalSection
EndGlobal
